
Microsoft Visual Studio Solution File, Format Version 12.00
# Visual Studio 15
VisualStudioVersion = 15.0.28010.2019
MinimumVisualStudioVersion = 10.0.40219.1
Project("{FAE04EC0-301F-11D3-BF4B-00C04F79EFBC}") = "CodeExemples", "CodeExemples\CodeExemples.csproj", "{95373BBE-80FE-465B-BEC1-B8E98ABBDC14}"
EndProject
Project("{FAE04EC0-301F-11D3-BF4B-00C04F79EFBC}") = "UnitTest", "UnitTest\UnitTest.csproj", "{B44009E5-B875-44C9-B5BE-2677C2A978FC}"
EndProject
Global
	GlobalSection(SolutionConfigurationPlatforms) = preSolution
		Debug|Any CPU = Debug|Any CPU
		Release|Any CPU = Release|Any CPU
	EndGlobalSection
	GlobalSection(ProjectConfigurationPlatforms) = postSolution
		{95373BBE-80FE-465B-BEC1-B8E98ABBDC14}.Debug|Any CPU.ActiveCfg = Debug|Any CPU
		{95373BBE-80FE-465B-BEC1-B8E98ABBDC14}.Debug|Any CPU.Build.0 = Debug|Any CPU
		{95373BBE-80FE-465B-BEC1-B8E98ABBDC14}.Release|Any CPU.ActiveCfg = Release|Any CPU
		{95373BBE-80FE-465B-BEC1-B8E98ABBDC14}.Release|Any CPU.Build.0 = Release|Any CPU
		{B44009E5-B875-44C9-B5BE-2677C2A978FC}.Debug|Any CPU.ActiveCfg = Debug|Any CPU
		{B44009E5-B875-44C9-B5BE-2677C2A978FC}.Debug|Any CPU.Build.0 = Debug|Any CPU
		{B44009E5-B875-44C9-B5BE-2677C2A978FC}.Release|Any CPU.ActiveCfg = Release|Any CPU
		{B44009E5-B875-44C9-B5BE-2677C2A978FC}.Release|Any CPU.Build.0 = Release|Any CPU
	EndGlobalSection
	GlobalSection(SolutionProperties) = preSolution
		HideSolutionNode = FALSE
	EndGlobalSection
	GlobalSection(ExtensibilityGlobals) = postSolution
		SolutionGuid = {6D2BCBA6-F0CF-424A-9E3B-78DE6B2C35D8}
	EndGlobalSection
EndGlobal
